// !$*UTF8*$!
{
	archiveVersion = 1;
	classes = {
	};
	objectVersion = 46;
	objects = {

/* Begin PBXBuildFile section */
		1431BCD71E74DA1D0095FE9E /* GetClueQuestion.swift in Sources */ = {isa = PBXBuildFile; fileRef = 1431BCD61E74DA1D0095FE9E /* GetClueQuestion.swift */; };
		1431BCD91E74E1C10095FE9E /* QuestionViewController.swift in Sources */ = {isa = PBXBuildFile; fileRef = 1431BCD81E74E1C10095FE9E /* QuestionViewController.swift */; };
		1431BCDD1E74E9EC0095FE9E /* GetClue.storyboard in Resources */ = {isa = PBXBuildFile; fileRef = 1431BCDC1E74E9EC0095FE9E /* GetClue.storyboard */; };
		1431BCE01E74F49B0095FE9E /* AnswerTableViewCell.swift in Sources */ = {isa = PBXBuildFile; fileRef = 1431BCDE1E74F49B0095FE9E /* AnswerTableViewCell.swift */; };
		1431BCE11E74F49B0095FE9E /* AnswerTableViewCell.xib in Resources */ = {isa = PBXBuildFile; fileRef = 1431BCDF1E74F49B0095FE9E /* AnswerTableViewCell.xib */; };
		1431BCE31E74FEB80095FE9E /* CorrectAnswerViewController.swift in Sources */ = {isa = PBXBuildFile; fileRef = 1431BCE21E74FEB80095FE9E /* CorrectAnswerViewController.swift */; };
		1431BCE51E74FF0C0095FE9E /* CongratsViewController.swift in Sources */ = {isa = PBXBuildFile; fileRef = 1431BCE41E74FF0C0095FE9E /* CongratsViewController.swift */; };
		22C6DD071E74E60100443C55 /* Coupon.storyboard in Resources */ = {isa = PBXBuildFile; fileRef = 22C6DD061E74E60100443C55 /* Coupon.storyboard */; };
		22C6DD091E74E61E00443C55 /* CouponViewController.swift in Sources */ = {isa = PBXBuildFile; fileRef = 22C6DD081E74E61E00443C55 /* CouponViewController.swift */; };
		539794341E727D4000B12B96 /* AppDelegate.swift in Sources */ = {isa = PBXBuildFile; fileRef = 539794331E727D4000B12B96 /* AppDelegate.swift */; };
		539794391E727D4000B12B96 /* Main.storyboard in Resources */ = {isa = PBXBuildFile; fileRef = 539794371E727D4000B12B96 /* Main.storyboard */; };
		5397943B1E727D4000B12B96 /* Assets.xcassets in Resources */ = {isa = PBXBuildFile; fileRef = 5397943A1E727D4000B12B96 /* Assets.xcassets */; };
		5397943E1E727D4000B12B96 /* LaunchScreen.storyboard in Resources */ = {isa = PBXBuildFile; fileRef = 5397943C1E727D4000B12B96 /* LaunchScreen.storyboard */; };
		539794461E73C27500B12B96 /* TaskPhotoVC.swift in Sources */ = {isa = PBXBuildFile; fileRef = 539794451E73C27500B12B96 /* TaskPhotoVC.swift */; };
		539794481E73CFB800B12B96 /* TaskObject.swift in Sources */ = {isa = PBXBuildFile; fileRef = 539794471E73CFB800B12B96 /* TaskObject.swift */; };
		5397944A1E73D8B400B12B96 /* TaskMaker.swift in Sources */ = {isa = PBXBuildFile; fileRef = 539794491E73D8B400B12B96 /* TaskMaker.swift */; };
		5397944C1E73E8F600B12B96 /* TaskSingleTon.swift in Sources */ = {isa = PBXBuildFile; fileRef = 5397944B1E73E8F600B12B96 /* TaskSingleTon.swift */; };
		5397944E1E73F1EB00B12B96 /* PlaceVC.swift in Sources */ = {isa = PBXBuildFile; fileRef = 5397944D1E73F1EB00B12B96 /* PlaceVC.swift */; };
		539794501E73F99D00B12B96 /* MapKit.framework in Frameworks */ = {isa = PBXBuildFile; fileRef = 5397944F1E73F99D00B12B96 /* MapKit.framework */; };
		539794541E7518DB00B12B96 /* RewardVC.swift in Sources */ = {isa = PBXBuildFile; fileRef = 539794531E7518DB00B12B96 /* RewardVC.swift */; };
		DB50E00D1E73F99500203C7B /* Start.storyboard in Resources */ = {isa = PBXBuildFile; fileRef = DB50E00B1E73F99500203C7B /* Start.storyboard */; };
		DB50E00E1E73F99500203C7B /* StartViewController.swift in Sources */ = {isa = PBXBuildFile; fileRef = DB50E00C1E73F99500203C7B /* StartViewController.swift */; };
		DB50E0161E73F9B500203C7B /* Timeline.swift in Sources */ = {isa = PBXBuildFile; fileRef = DB50E0101E73F9B500203C7B /* Timeline.swift */; };
		DB50E0171E73F9B500203C7B /* TimelinePoint.swift in Sources */ = {isa = PBXBuildFile; fileRef = DB50E0111E73F9B500203C7B /* TimelinePoint.swift */; };
		DB50E0181E73F9B500203C7B /* TimelineTableViewCell.swift in Sources */ = {isa = PBXBuildFile; fileRef = DB50E0121E73F9B500203C7B /* TimelineTableViewCell.swift */; };
		DB50E0191E73F9B500203C7B /* TimelineTableViewCell.xib in Resources */ = {isa = PBXBuildFile; fileRef = DB50E0131E73F9B500203C7B /* TimelineTableViewCell.xib */; };
		DB50E01A1E73F9B500203C7B /* TimelineTableViewController.swift in Sources */ = {isa = PBXBuildFile; fileRef = DB50E0141E73F9B500203C7B /* TimelineTableViewController.swift */; };
		DB50E01B1E73F9B500203C7B /* UIColor+Utility.swift in Sources */ = {isa = PBXBuildFile; fileRef = DB50E0151E73F9B500203C7B /* UIColor+Utility.swift */; };
		DB50E01E1E745EB300203C7B /* UIViewExtension.swift in Sources */ = {isa = PBXBuildFile; fileRef = DB50E01D1E745EB300203C7B /* UIViewExtension.swift */; };
		DB50E0241E74E8A000203C7B /* NavigationTitleView.xib in Resources */ = {isa = PBXBuildFile; fileRef = DB50E0231E74E8A000203C7B /* NavigationTitleView.xib */; };
		DB50E0271E74FC7B00203C7B /* ChallengeCollectionViewCell.swift in Sources */ = {isa = PBXBuildFile; fileRef = DB50E0251E74FC7B00203C7B /* ChallengeCollectionViewCell.swift */; };
		DB50E0281E74FC7B00203C7B /* ChallengeCollectionViewCell.xib in Resources */ = {isa = PBXBuildFile; fileRef = DB50E0261E74FC7B00203C7B /* ChallengeCollectionViewCell.xib */; };
		E1D6D348CFB895C5629E9C6A /* Pods_HackathonForBooking.framework in Frameworks */ = {isa = PBXBuildFile; fileRef = ECCD3C6FD89FBA5DE77E1302 /* Pods_HackathonForBooking.framework */; };
/* End PBXBuildFile section */

/* Begin PBXFileReference section */
		1431BCD61E74DA1D0095FE9E /* GetClueQuestion.swift */ = {isa = PBXFileReference; fileEncoding = 4; lastKnownFileType = sourcecode.swift; path = GetClueQuestion.swift; sourceTree = "<group>"; };
		1431BCD81E74E1C10095FE9E /* QuestionViewController.swift */ = {isa = PBXFileReference; fileEncoding = 4; lastKnownFileType = sourcecode.swift; path = QuestionViewController.swift; sourceTree = "<group>"; };
		1431BCDC1E74E9EC0095FE9E /* GetClue.storyboard */ = {isa = PBXFileReference; fileEncoding = 4; lastKnownFileType = file.storyboard; path = GetClue.storyboard; sourceTree = "<group>"; };
		1431BCDE1E74F49B0095FE9E /* AnswerTableViewCell.swift */ = {isa = PBXFileReference; fileEncoding = 4; lastKnownFileType = sourcecode.swift; path = AnswerTableViewCell.swift; sourceTree = "<group>"; };
		1431BCDF1E74F49B0095FE9E /* AnswerTableViewCell.xib */ = {isa = PBXFileReference; fileEncoding = 4; lastKnownFileType = file.xib; path = AnswerTableViewCell.xib; sourceTree = "<group>"; };
		1431BCE21E74FEB80095FE9E /* CorrectAnswerViewController.swift */ = {isa = PBXFileReference; fileEncoding = 4; lastKnownFileType = sourcecode.swift; path = CorrectAnswerViewController.swift; sourceTree = "<group>"; };
		1431BCE41E74FF0C0095FE9E /* CongratsViewController.swift */ = {isa = PBXFileReference; fileEncoding = 4; lastKnownFileType = sourcecode.swift; path = CongratsViewController.swift; sourceTree = "<group>"; };
		22C6DD061E74E60100443C55 /* Coupon.storyboard */ = {isa = PBXFileReference; fileEncoding = 4; lastKnownFileType = file.storyboard; path = Coupon.storyboard; sourceTree = "<group>"; };
		22C6DD081E74E61E00443C55 /* CouponViewController.swift */ = {isa = PBXFileReference; fileEncoding = 4; lastKnownFileType = sourcecode.swift; path = CouponViewController.swift; sourceTree = "<group>"; };
		539794301E727D4000B12B96 /* HackathonForBooking.app */ = {isa = PBXFileReference; explicitFileType = wrapper.application; includeInIndex = 0; path = HackathonForBooking.app; sourceTree = BUILT_PRODUCTS_DIR; };
		539794331E727D4000B12B96 /* AppDelegate.swift */ = {isa = PBXFileReference; lastKnownFileType = sourcecode.swift; path = AppDelegate.swift; sourceTree = "<group>"; };
		539794381E727D4000B12B96 /* Base */ = {isa = PBXFileReference; lastKnownFileType = file.storyboard; name = Base; path = Base.lproj/Main.storyboard; sourceTree = "<group>"; };
		5397943A1E727D4000B12B96 /* Assets.xcassets */ = {isa = PBXFileReference; lastKnownFileType = folder.assetcatalog; path = Assets.xcassets; sourceTree = "<group>"; };
		5397943D1E727D4000B12B96 /* Base */ = {isa = PBXFileReference; lastKnownFileType = file.storyboard; name = Base; path = Base.lproj/LaunchScreen.storyboard; sourceTree = "<group>"; };
		5397943F1E727D4000B12B96 /* Info.plist */ = {isa = PBXFileReference; lastKnownFileType = text.plist.xml; path = Info.plist; sourceTree = "<group>"; };
		539794451E73C27500B12B96 /* TaskPhotoVC.swift */ = {isa = PBXFileReference; fileEncoding = 4; lastKnownFileType = sourcecode.swift; path = TaskPhotoVC.swift; sourceTree = "<group>"; };
		539794471E73CFB800B12B96 /* TaskObject.swift */ = {isa = PBXFileReference; fileEncoding = 4; lastKnownFileType = sourcecode.swift; path = TaskObject.swift; sourceTree = "<group>"; };
		539794491E73D8B400B12B96 /* TaskMaker.swift */ = {isa = PBXFileReference; fileEncoding = 4; lastKnownFileType = sourcecode.swift; path = TaskMaker.swift; sourceTree = "<group>"; };
		5397944B1E73E8F600B12B96 /* TaskSingleTon.swift */ = {isa = PBXFileReference; fileEncoding = 4; lastKnownFileType = sourcecode.swift; path = TaskSingleTon.swift; sourceTree = "<group>"; };
		5397944D1E73F1EB00B12B96 /* PlaceVC.swift */ = {isa = PBXFileReference; fileEncoding = 4; lastKnownFileType = sourcecode.swift; path = PlaceVC.swift; sourceTree = "<group>"; };
		5397944F1E73F99D00B12B96 /* MapKit.framework */ = {isa = PBXFileReference; lastKnownFileType = wrapper.framework; name = MapKit.framework; path = System/Library/Frameworks/MapKit.framework; sourceTree = SDKROOT; };
		539794531E7518DB00B12B96 /* RewardVC.swift */ = {isa = PBXFileReference; fileEncoding = 4; lastKnownFileType = sourcecode.swift; path = RewardVC.swift; sourceTree = "<group>"; };
		A24FAD01D17A7A3D43EACCCC /* Pods-HackathonForBooking.debug.xcconfig */ = {isa = PBXFileReference; includeInIndex = 1; lastKnownFileType = text.xcconfig; name = "Pods-HackathonForBooking.debug.xcconfig"; path = "Pods/Target Support Files/Pods-HackathonForBooking/Pods-HackathonForBooking.debug.xcconfig"; sourceTree = "<group>"; };
		C17165545DD4C03D615A2B70 /* Pods-HackathonForBooking.release.xcconfig */ = {isa = PBXFileReference; includeInIndex = 1; lastKnownFileType = text.xcconfig; name = "Pods-HackathonForBooking.release.xcconfig"; path = "Pods/Target Support Files/Pods-HackathonForBooking/Pods-HackathonForBooking.release.xcconfig"; sourceTree = "<group>"; };
		DB50E00B1E73F99500203C7B /* Start.storyboard */ = {isa = PBXFileReference; fileEncoding = 4; lastKnownFileType = file.storyboard; path = Start.storyboard; sourceTree = "<group>"; };
		DB50E00C1E73F99500203C7B /* StartViewController.swift */ = {isa = PBXFileReference; fileEncoding = 4; lastKnownFileType = sourcecode.swift; path = StartViewController.swift; sourceTree = "<group>"; };
		DB50E0101E73F9B500203C7B /* Timeline.swift */ = {isa = PBXFileReference; fileEncoding = 4; lastKnownFileType = sourcecode.swift; path = Timeline.swift; sourceTree = "<group>"; };
		DB50E0111E73F9B500203C7B /* TimelinePoint.swift */ = {isa = PBXFileReference; fileEncoding = 4; lastKnownFileType = sourcecode.swift; path = TimelinePoint.swift; sourceTree = "<group>"; };
		DB50E0121E73F9B500203C7B /* TimelineTableViewCell.swift */ = {isa = PBXFileReference; fileEncoding = 4; lastKnownFileType = sourcecode.swift; path = TimelineTableViewCell.swift; sourceTree = "<group>"; };
		DB50E0131E73F9B500203C7B /* TimelineTableViewCell.xib */ = {isa = PBXFileReference; fileEncoding = 4; lastKnownFileType = file.xib; path = TimelineTableViewCell.xib; sourceTree = "<group>"; };
		DB50E0141E73F9B500203C7B /* TimelineTableViewController.swift */ = {isa = PBXFileReference; fileEncoding = 4; lastKnownFileType = sourcecode.swift; path = TimelineTableViewController.swift; sourceTree = "<group>"; };
		DB50E0151E73F9B500203C7B /* UIColor+Utility.swift */ = {isa = PBXFileReference; fileEncoding = 4; lastKnownFileType = sourcecode.swift; path = "UIColor+Utility.swift"; sourceTree = "<group>"; };
		DB50E01D1E745EB300203C7B /* UIViewExtension.swift */ = {isa = PBXFileReference; fileEncoding = 4; lastKnownFileType = sourcecode.swift; path = UIViewExtension.swift; sourceTree = "<group>"; };
		DB50E0231E74E8A000203C7B /* NavigationTitleView.xib */ = {isa = PBXFileReference; fileEncoding = 4; lastKnownFileType = file.xib; path = NavigationTitleView.xib; sourceTree = "<group>"; };
		DB50E0251E74FC7B00203C7B /* ChallengeCollectionViewCell.swift */ = {isa = PBXFileReference; fileEncoding = 4; lastKnownFileType = sourcecode.swift; path = ChallengeCollectionViewCell.swift; sourceTree = "<group>"; };
		DB50E0261E74FC7B00203C7B /* ChallengeCollectionViewCell.xib */ = {isa = PBXFileReference; fileEncoding = 4; lastKnownFileType = file.xib; path = ChallengeCollectionViewCell.xib; sourceTree = "<group>"; };
		ECCD3C6FD89FBA5DE77E1302 /* Pods_HackathonForBooking.framework */ = {isa = PBXFileReference; explicitFileType = wrapper.framework; includeInIndex = 0; path = Pods_HackathonForBooking.framework; sourceTree = BUILT_PRODUCTS_DIR; };
/* End PBXFileReference section */

/* Begin PBXFrameworksBuildPhase section */
		5397942D1E727D4000B12B96 /* Frameworks */ = {
			isa = PBXFrameworksBuildPhase;
			buildActionMask = 2147483647;
			files = (
				539794501E73F99D00B12B96 /* MapKit.framework in Frameworks */,
				E1D6D348CFB895C5629E9C6A /* Pods_HackathonForBooking.framework in Frameworks */,
			);
			runOnlyForDeploymentPostprocessing = 0;
		};
/* End PBXFrameworksBuildPhase section */

/* Begin PBXGroup section */
		1431BCD51E74D5A50095FE9E /* GetClueQA */ = {
			isa = PBXGroup;
			children = (
				1431BCD81E74E1C10095FE9E /* QuestionViewController.swift */,
				1431BCD61E74DA1D0095FE9E /* GetClueQuestion.swift */,
				1431BCDC1E74E9EC0095FE9E /* GetClue.storyboard */,
				1431BCDE1E74F49B0095FE9E /* AnswerTableViewCell.swift */,
				1431BCDF1E74F49B0095FE9E /* AnswerTableViewCell.xib */,
				1431BCE21E74FEB80095FE9E /* CorrectAnswerViewController.swift */,
				1431BCE41E74FF0C0095FE9E /* CongratsViewController.swift */,
			);
			name = GetClueQA;
			sourceTree = "<group>";
		};
		22C6DD031E74E11C00443C55 /* CouponViewController */ = {
			isa = PBXGroup;
			children = (
				22C6DD061E74E60100443C55 /* Coupon.storyboard */,
				22C6DD081E74E61E00443C55 /* CouponViewController.swift */,
			);
			name = CouponViewController;
			sourceTree = "<group>";
		};
		539794271E727D4000B12B96 = {
			isa = PBXGroup;
			children = (
				539794321E727D4000B12B96 /* HackathonForBooking */,
				539794311E727D4000B12B96 /* Products */,
				9E1E4C81CE2D9ECEAAE52023 /* Pods */,
				5B50EA6BA92670DFF9AED438 /* Frameworks */,
			);
			sourceTree = "<group>";
		};
		539794311E727D4000B12B96 /* Products */ = {
			isa = PBXGroup;
			children = (
				539794301E727D4000B12B96 /* HackathonForBooking.app */,
			);
			name = Products;
			sourceTree = "<group>";
		};
		539794321E727D4000B12B96 /* HackathonForBooking */ = {
			isa = PBXGroup;
			children = (
				539794521E7518BA00B12B96 /* RewardVC */,
				539794511E7511B300B12B96 /* TaskVC */,
				22C6DD031E74E11C00443C55 /* CouponViewController */,
				1431BCD51E74D5A50095FE9E /* GetClueQA */,
				DB50E01C1E73F9BA00203C7B /* Utility */,
				DB50E00F1E73F99900203C7B /* TaskTableViewController */,
				DB50E00A1E73F97500203C7B /* StartViewController */,
				539794331E727D4000B12B96 /* AppDelegate.swift */,
				539794371E727D4000B12B96 /* Main.storyboard */,
				539794471E73CFB800B12B96 /* TaskObject.swift */,
				5397944B1E73E8F600B12B96 /* TaskSingleTon.swift */,
				5397943A1E727D4000B12B96 /* Assets.xcassets */,
				5397943C1E727D4000B12B96 /* LaunchScreen.storyboard */,
				5397943F1E727D4000B12B96 /* Info.plist */,
			);
			path = HackathonForBooking;
			sourceTree = "<group>";
		};
		539794511E7511B300B12B96 /* TaskVC */ = {
			isa = PBXGroup;
			children = (
				5397944D1E73F1EB00B12B96 /* PlaceVC.swift */,
				539794451E73C27500B12B96 /* TaskPhotoVC.swift */,
			);
			name = TaskVC;
			sourceTree = "<group>";
		};
		539794521E7518BA00B12B96 /* RewardVC */ = {
			isa = PBXGroup;
			children = (
				539794531E7518DB00B12B96 /* RewardVC.swift */,
			);
			name = RewardVC;
			sourceTree = "<group>";
		};
		5B50EA6BA92670DFF9AED438 /* Frameworks */ = {
			isa = PBXGroup;
			children = (
				5397944F1E73F99D00B12B96 /* MapKit.framework */,
				ECCD3C6FD89FBA5DE77E1302 /* Pods_HackathonForBooking.framework */,
			);
			name = Frameworks;
			sourceTree = "<group>";
		};
		9E1E4C81CE2D9ECEAAE52023 /* Pods */ = {
			isa = PBXGroup;
			children = (
				A24FAD01D17A7A3D43EACCCC /* Pods-HackathonForBooking.debug.xcconfig */,
				C17165545DD4C03D615A2B70 /* Pods-HackathonForBooking.release.xcconfig */,
			);
			name = Pods;
			sourceTree = "<group>";
		};
		DB50E00A1E73F97500203C7B /* StartViewController */ = {
			isa = PBXGroup;
			children = (
				DB50E00C1E73F99500203C7B /* StartViewController.swift */,
				DB50E0291E74FC8800203C7B /* view */,
			);
			name = StartViewController;
			sourceTree = "<group>";
		};
		DB50E00F1E73F99900203C7B /* TaskTableViewController */ = {
			isa = PBXGroup;
			children = (
				DB50E0101E73F9B500203C7B /* Timeline.swift */,
				DB50E0111E73F9B500203C7B /* TimelinePoint.swift */,
				DB50E0121E73F9B500203C7B /* TimelineTableViewCell.swift */,
				DB50E0131E73F9B500203C7B /* TimelineTableViewCell.xib */,
				DB50E0141E73F9B500203C7B /* TimelineTableViewController.swift */,
			);
			name = TaskTableViewController;
			sourceTree = "<group>";
		};
		DB50E01C1E73F9BA00203C7B /* Utility */ = {
			isa = PBXGroup;
			children = (
				DB50E01D1E745EB300203C7B /* UIViewExtension.swift */,
				DB50E0151E73F9B500203C7B /* UIColor+Utility.swift */,
				539794491E73D8B400B12B96 /* TaskMaker.swift */,
			);
			name = Utility;
			sourceTree = "<group>";
		};
		DB50E0291E74FC8800203C7B /* view */ = {
			isa = PBXGroup;
			children = (
				DB50E00B1E73F99500203C7B /* Start.storyboard */,
				DB50E0231E74E8A000203C7B /* NavigationTitleView.xib */,
				DB50E0251E74FC7B00203C7B /* ChallengeCollectionViewCell.swift */,
				DB50E0261E74FC7B00203C7B /* ChallengeCollectionViewCell.xib */,
			);
			name = view;
			sourceTree = "<group>";
		};
/* End PBXGroup section */

/* Begin PBXNativeTarget section */
		5397942F1E727D4000B12B96 /* HackathonForBooking */ = {
			isa = PBXNativeTarget;
			buildConfigurationList = 539794421E727D4000B12B96 /* Build configuration list for PBXNativeTarget "HackathonForBooking" */;
			buildPhases = (
				23C0A215BE1DF56BF35111FB /* [CP] Check Pods Manifest.lock */,
				5397942C1E727D4000B12B96 /* Sources */,
				5397942D1E727D4000B12B96 /* Frameworks */,
				5397942E1E727D4000B12B96 /* Resources */,
				F855DBCF23F6902BF763138E /* [CP] Embed Pods Frameworks */,
				D2969D794828907B746505F0 /* [CP] Copy Pods Resources */,
			);
			buildRules = (
			);
			dependencies = (
			);
			name = HackathonForBooking;
			productName = HackathonForBooking;
			productReference = 539794301E727D4000B12B96 /* HackathonForBooking.app */;
			productType = "com.apple.product-type.application";
		};
/* End PBXNativeTarget section */

/* Begin PBXProject section */
		539794281E727D4000B12B96 /* Project object */ = {
			isa = PBXProject;
			attributes = {
				LastSwiftUpdateCheck = 0820;
				LastUpgradeCheck = 0820;
				ORGANIZATIONNAME = "Andy Yang";
				TargetAttributes = {
					5397942F1E727D4000B12B96 = {
						CreatedOnToolsVersion = 8.2.1;
						ProvisioningStyle = Automatic;
						SystemCapabilities = {
							com.apple.Maps.iOS = {
								enabled = 1;
							};
						};
					};
				};
			};
			buildConfigurationList = 5397942B1E727D4000B12B96 /* Build configuration list for PBXProject "HackathonForBooking" */;
			compatibilityVersion = "Xcode 3.2";
			developmentRegion = English;
			hasScannedForEncodings = 0;
			knownRegions = (
				en,
				Base,
			);
			mainGroup = 539794271E727D4000B12B96;
			productRefGroup = 539794311E727D4000B12B96 /* Products */;
			projectDirPath = "";
			projectRoot = "";
			targets = (
				5397942F1E727D4000B12B96 /* HackathonForBooking */,
			);
		};
/* End PBXProject section */

/* Begin PBXResourcesBuildPhase section */
		5397942E1E727D4000B12B96 /* Resources */ = {
			isa = PBXResourcesBuildPhase;
			buildActionMask = 2147483647;
			files = (
				1431BCDD1E74E9EC0095FE9E /* GetClue.storyboard in Resources */,
				5397943E1E727D4000B12B96 /* LaunchScreen.storyboard in Resources */,
				DB50E0241E74E8A000203C7B /* NavigationTitleView.xib in Resources */,
				DB50E0281E74FC7B00203C7B /* ChallengeCollectionViewCell.xib in Resources */,
				DB50E00D1E73F99500203C7B /* Start.storyboard in Resources */,
				DB50E0191E73F9B500203C7B /* TimelineTableViewCell.xib in Resources */,
				1431BCE11E74F49B0095FE9E /* AnswerTableViewCell.xib in Resources */,
				5397943B1E727D4000B12B96 /* Assets.xcassets in Resources */,
				22C6DD071E74E60100443C55 /* Coupon.storyboard in Resources */,
				539794391E727D4000B12B96 /* Main.storyboard in Resources */,
			);
			runOnlyForDeploymentPostprocessing = 0;
		};
/* End PBXResourcesBuildPhase section */

/* Begin PBXShellScriptBuildPhase section */
		23C0A215BE1DF56BF35111FB /* [CP] Check Pods Manifest.lock */ = {
			isa = PBXShellScriptBuildPhase;
			buildActionMask = 2147483647;
			files = (
			);
			inputPaths = (
			);
			name = "[CP] Check Pods Manifest.lock";
			outputPaths = (
			);
			runOnlyForDeploymentPostprocessing = 0;
			shellPath = /bin/sh;
			shellScript = "diff \"${PODS_ROOT}/../Podfile.lock\" \"${PODS_ROOT}/Manifest.lock\" > /dev/null\nif [ $? != 0 ] ; then\n    # print error to STDERR\n    echo \"error: The sandbox is not in sync with the Podfile.lock. Run 'pod install' or update your CocoaPods installation.\" >&2\n    exit 1\nfi\n";
			showEnvVarsInLog = 0;
		};
		D2969D794828907B746505F0 /* [CP] Copy Pods Resources */ = {
			isa = PBXShellScriptBuildPhase;
			buildActionMask = 2147483647;
			files = (
			);
			inputPaths = (
			);
			name = "[CP] Copy Pods Resources";
			outputPaths = (
			);
			runOnlyForDeploymentPostprocessing = 0;
			shellPath = /bin/sh;
			shellScript = "\"${SRCROOT}/Pods/Target Support Files/Pods-HackathonForBooking/Pods-HackathonForBooking-resources.sh\"\n";
			showEnvVarsInLog = 0;
		};
		F855DBCF23F6902BF763138E /* [CP] Embed Pods Frameworks */ = {
			isa = PBXShellScriptBuildPhase;
			buildActionMask = 2147483647;
			files = (
			);
			inputPaths = (
			);
			name = "[CP] Embed Pods Frameworks";
			outputPaths = (
			);
			runOnlyForDeploymentPostprocessing = 0;
			shellPath = /bin/sh;
			shellScript = "\"${SRCROOT}/Pods/Target Support Files/Pods-HackathonForBooking/Pods-HackathonForBooking-frameworks.sh\"\n";
			showEnvVarsInLog = 0;
		};
/* End PBXShellScriptBuildPhase section */

/* Begin PBXSourcesBuildPhase section */
		5397942C1E727D4000B12B96 /* Sources */ = {
			isa = PBXSourcesBuildPhase;
			buildActionMask = 2147483647;
			files = (
				DB50E0161E73F9B500203C7B /* Timeline.swift in Sources */,
				5397944C1E73E8F600B12B96 /* TaskSingleTon.swift in Sources */,
				22C6DD091E74E61E00443C55 /* CouponViewController.swift in Sources */,
				DB50E0181E73F9B500203C7B /* TimelineTableViewCell.swift in Sources */,
				DB50E00E1E73F99500203C7B /* StartViewController.swift in Sources */,
				1431BCD71E74DA1D0095FE9E /* GetClueQuestion.swift in Sources */,
				539794541E7518DB00B12B96 /* RewardVC.swift in Sources */,
				DB50E01E1E745EB300203C7B /* UIViewExtension.swift in Sources */,
				DB50E0271E74FC7B00203C7B /* ChallengeCollectionViewCell.swift in Sources */,
				539794481E73CFB800B12B96 /* TaskObject.swift in Sources */,
				DB50E0171E73F9B500203C7B /* TimelinePoint.swift in Sources */,
				DB50E01A1E73F9B500203C7B /* TimelineTableViewController.swift in Sources */,
				DB50E01B1E73F9B500203C7B /* UIColor+Utility.swift in Sources */,
				1431BCE31E74FEB80095FE9E /* CorrectAnswerViewController.swift in Sources */,
				1431BCE51E74FF0C0095FE9E /* CongratsViewController.swift in Sources */,
				5397944A1E73D8B400B12B96 /* TaskMaker.swift in Sources */,
				1431BCE01E74F49B0095FE9E /* AnswerTableViewCell.swift in Sources */,
				539794461E73C27500B12B96 /* TaskPhotoVC.swift in Sources */,
				539794341E727D4000B12B96 /* AppDelegate.swift in Sources */,
				1431BCD91E74E1C10095FE9E /* QuestionViewController.swift in Sources */,
				5397944E1E73F1EB00B12B96 /* PlaceVC.swift in Sources */,
			);
			runOnlyForDeploymentPostprocessing = 0;
		};
/* End PBXSourcesBuildPhase section */

/* Begin PBXVariantGroup section */
		539794371E727D4000B12B96 /* Main.storyboard */ = {
			isa = PBXVariantGroup;
			children = (
				539794381E727D4000B12B96 /* Base */,
			);
			name = Main.storyboard;
			sourceTree = "<group>";
		};
		5397943C1E727D4000B12B96 /* LaunchScreen.storyboard */ = {
			isa = PBXVariantGroup;
			children = (
				5397943D1E727D4000B12B96 /* Base */,
			);
			name = LaunchScreen.storyboard;
			sourceTree = "<group>";
		};
/* End PBXVariantGroup section */

/* Begin XCBuildConfiguration section */
		539794401E727D4000B12B96 /* Debug */ = {
			isa = XCBuildConfiguration;
			buildSettings = {
				ALWAYS_SEARCH_USER_PATHS = NO;
				CLANG_ANALYZER_NONNULL = YES;
				CLANG_CXX_LANGUAGE_STANDARD = "gnu++0x";
				CLANG_CXX_LIBRARY = "libc++";
				CLANG_ENABLE_MODULES = YES;
				CLANG_ENABLE_OBJC_ARC = YES;
				CLANG_WARN_BOOL_CONVERSION = YES;
				CLANG_WARN_CONSTANT_CONVERSION = YES;
				CLANG_WARN_DIRECT_OBJC_ISA_USAGE = YES_ERROR;
				CLANG_WARN_DOCUMENTATION_COMMENTS = YES;
				CLANG_WARN_EMPTY_BODY = YES;
				CLANG_WARN_ENUM_CONVERSION = YES;
				CLANG_WARN_INFINITE_RECURSION = YES;
				CLANG_WARN_INT_CONVERSION = YES;
				CLANG_WARN_OBJC_ROOT_CLASS = YES_ERROR;
				CLANG_WARN_SUSPICIOUS_MOVE = YES;
				CLANG_WARN_UNREACHABLE_CODE = YES;
				CLANG_WARN__DUPLICATE_METHOD_MATCH = YES;
				"CODE_SIGN_IDENTITY[sdk=iphoneos*]" = "iPhone Developer";
				COPY_PHASE_STRIP = NO;
				DEBUG_INFORMATION_FORMAT = dwarf;
				ENABLE_STRICT_OBJC_MSGSEND = YES;
				ENABLE_TESTABILITY = YES;
				GCC_C_LANGUAGE_STANDARD = gnu99;
				GCC_DYNAMIC_NO_PIC = NO;
				GCC_NO_COMMON_BLOCKS = YES;
				GCC_OPTIMIZATION_LEVEL = 0;
				GCC_PREPROCESSOR_DEFINITIONS = (
					"DEBUG=1",
					"$(inherited)",
				);
				GCC_WARN_64_TO_32_BIT_CONVERSION = YES;
				GCC_WARN_ABOUT_RETURN_TYPE = YES_ERROR;
				GCC_WARN_UNDECLARED_SELECTOR = YES;
				GCC_WARN_UNINITIALIZED_AUTOS = YES_AGGRESSIVE;
				GCC_WARN_UNUSED_FUNCTION = YES;
				GCC_WARN_UNUSED_VARIABLE = YES;
				IPHONEOS_DEPLOYMENT_TARGET = 10.2;
				MTL_ENABLE_DEBUG_INFO = YES;
				ONLY_ACTIVE_ARCH = YES;
				SDKROOT = iphoneos;
				SWIFT_ACTIVE_COMPILATION_CONDITIONS = DEBUG;
				SWIFT_OPTIMIZATION_LEVEL = "-Onone";
			};
			name = Debug;
		};
		539794411E727D4000B12B96 /* Release */ = {
			isa = XCBuildConfiguration;
			buildSettings = {
				ALWAYS_SEARCH_USER_PATHS = NO;
				CLANG_ANALYZER_NONNULL = YES;
				CLANG_CXX_LANGUAGE_STANDARD = "gnu++0x";
				CLANG_CXX_LIBRARY = "libc++";
				CLANG_ENABLE_MODULES = YES;
				CLANG_ENABLE_OBJC_ARC = YES;
				CLANG_WARN_BOOL_CONVERSION = YES;
				CLANG_WARN_CONSTANT_CONVERSION = YES;
				CLANG_WARN_DIRECT_OBJC_ISA_USAGE = YES_ERROR;
				CLANG_WARN_DOCUMENTATION_COMMENTS = YES;
				CLANG_WARN_EMPTY_BODY = YES;
				CLANG_WARN_ENUM_CONVERSION = YES;
				CLANG_WARN_INFINITE_RECURSION = YES;
				CLANG_WARN_INT_CONVERSION = YES;
				CLANG_WARN_OBJC_ROOT_CLASS = YES_ERROR;
				CLANG_WARN_SUSPICIOUS_MOVE = YES;
				CLANG_WARN_UNREACHABLE_CODE = YES;
				CLANG_WARN__DUPLICATE_METHOD_MATCH = YES;
				"CODE_SIGN_IDENTITY[sdk=iphoneos*]" = "iPhone Developer";
				COPY_PHASE_STRIP = NO;
				DEBUG_INFORMATION_FORMAT = "dwarf-with-dsym";
				ENABLE_NS_ASSERTIONS = NO;
				ENABLE_STRICT_OBJC_MSGSEND = YES;
				GCC_C_LANGUAGE_STANDARD = gnu99;
				GCC_NO_COMMON_BLOCKS = YES;
				GCC_WARN_64_TO_32_BIT_CONVERSION = YES;
				GCC_WARN_ABOUT_RETURN_TYPE = YES_ERROR;
				GCC_WARN_UNDECLARED_SELECTOR = YES;
				GCC_WARN_UNINITIALIZED_AUTOS = YES_AGGRESSIVE;
				GCC_WARN_UNUSED_FUNCTION = YES;
				GCC_WARN_UNUSED_VARIABLE = YES;
				IPHONEOS_DEPLOYMENT_TARGET = 10.2;
				MTL_ENABLE_DEBUG_INFO = NO;
				SDKROOT = iphoneos;
				SWIFT_OPTIMIZATION_LEVEL = "-Owholemodule";
				VALIDATE_PRODUCT = YES;
			};
			name = Release;
		};
		539794431E727D4000B12B96 /* Debug */ = {
			isa = XCBuildConfiguration;
			baseConfigurationReference = A24FAD01D17A7A3D43EACCCC /* Pods-HackathonForBooking.debug.xcconfig */;
			buildSettings = {
				ASSETCATALOG_COMPILER_APPICON_NAME = AppIcon;
				DEVELOPMENT_TEAM = "";
				INFOPLIST_FILE = HackathonForBooking/Info.plist;
				LD_RUNPATH_SEARCH_PATHS = "$(inherited) @executable_path/Frameworks";
				PRODUCT_BUNDLE_IDENTIFIER = com.andyyang.HackathonForBooking;
				PRODUCT_NAME = "$(TARGET_NAME)";
				SWIFT_VERSION = 3.0;
			};
			name = Debug;
		};
		539794441E727D4000B12B96 /* Release */ = {
			isa = XCBuildConfiguration;
			baseConfigurationReference = C17165545DD4C03D615A2B70 /* Pods-HackathonForBooking.release.xcconfig */;
			buildSettings = {
				ASSETCATALOG_COMPILER_APPICON_NAME = AppIcon;
				DEVELOPMENT_TEAM = "";
				INFOPLIST_FILE = HackathonForBooking/Info.plist;
				LD_RUNPATH_SEARCH_PATHS = "$(inherited) @executable_path/Frameworks";
				PRODUCT_BUNDLE_IDENTIFIER = com.andyyang.HackathonForBooking;
				PRODUCT_NAME = "$(TARGET_NAME)";
				SWIFT_VERSION = 3.0;
			};
			name = Release;
		};
/* End XCBuildConfiguration section */

/* Begin XCConfigurationList section */
		5397942B1E727D4000B12B96 /* Build configuration list for PBXProject "HackathonForBooking" */ = {
			isa = XCConfigurationList;
			buildConfigurations = (
				539794401E727D4000B12B96 /* Debug */,
				539794411E727D4000B12B96 /* Release */,
			);
			defaultConfigurationIsVisible = 0;
			defaultConfigurationName = Release;
		};
		539794421E727D4000B12B96 /* Build configuration list for PBXNativeTarget "HackathonForBooking" */ = {
			isa = XCConfigurationList;
			buildConfigurations = (
				539794431E727D4000B12B96 /* Debug */,
				539794441E727D4000B12B96 /* Release */,
			);
			defaultConfigurationIsVisible = 0;
			defaultConfigurationName = Release;
		};
/* End XCConfigurationList section */
	};
	rootObject = 539794281E727D4000B12B96 /* Project object */;
}
